
Microsoft Visual Studio Solution File, Format Version 12.00
# Visual Studio 15
VisualStudioVersion = 15.0.28010.2046
MinimumVisualStudioVersion = 10.0.40219.1
Project("{FAE04EC0-301F-11D3-BF4B-00C04F79EFBC}") = "EmailAds", "EmailAds\EmailAds.csproj", "{BA989F17-05FB-48A7-B980-1B62C236EBBE}"
EndProject
Global
	GlobalSection(SolutionConfigurationPlatforms) = preSolution
		Debug|Any CPU = Debug|Any CPU
		Release|Any CPU = Release|Any CPU
	EndGlobalSection
	GlobalSection(ProjectConfigurationPlatforms) = postSolution
		{BA989F17-05FB-48A7-B980-1B62C236EBBE}.Debug|Any CPU.ActiveCfg = Debug|Any CPU
		{BA989F17-05FB-48A7-B980-1B62C236EBBE}.Debug|Any CPU.Build.0 = Debug|Any CPU
		{BA989F17-05FB-48A7-B980-1B62C236EBBE}.Release|Any CPU.ActiveCfg = Release|Any CPU
		{BA989F17-05FB-48A7-B980-1B62C236EBBE}.Release|Any CPU.Build.0 = Release|Any CPU
	EndGlobalSection
	GlobalSection(SolutionProperties) = preSolution
		HideSolutionNode = FALSE
	EndGlobalSection
	GlobalSection(ExtensibilityGlobals) = postSolution
		SolutionGuid = {2C42FE78-F6D9-499E-8315-7A0F42BCF260}
	EndGlobalSection
EndGlobal
